// !$*UTF8*$!
{
	archiveVersion = 1;
	classes = {
	};
	objectVersion = 51;
	objects = {

/* Begin PBXBuildFile section */
		0684E063AF86AC13309697D8 /* Pods_modalTesteTests.framework in Frameworks */ = {isa = PBXBuildFile; fileRef = 9371B0B26DB91897EE7C4E0B /* Pods_modalTesteTests.framework */; };
		218418752792B6DF500A0D63 /* Pods_modalTeste_modalTesteUITests.framework in Frameworks */ = {isa = PBXBuildFile; fileRef = 69B8070D865141728B399D84 /* Pods_modalTeste_modalTesteUITests.framework */; };
		B065D988B7D2B2D5880D1C86 /* Pods_modalTeste.framework in Frameworks */ = {isa = PBXBuildFile; fileRef = 570AC5EE68C97B378823601A /* Pods_modalTeste.framework */; };
		E009034323DB7E7500E886E5 /* AppDelegate.swift in Sources */ = {isa = PBXBuildFile; fileRef = E009034223DB7E7500E886E5 /* AppDelegate.swift */; };
		E009034523DB7E7500E886E5 /* SceneDelegate.swift in Sources */ = {isa = PBXBuildFile; fileRef = E009034423DB7E7500E886E5 /* SceneDelegate.swift */; };
		E009034C23DB7E7700E886E5 /* Assets.xcassets in Resources */ = {isa = PBXBuildFile; fileRef = E009034B23DB7E7700E886E5 /* Assets.xcassets */; };
		E009034F23DB7E7700E886E5 /* LaunchScreen.storyboard in Resources */ = {isa = PBXBuildFile; fileRef = E009034D23DB7E7700E886E5 /* LaunchScreen.storyboard */; };
		E009035A23DB7E7800E886E5 /* modalTesteTests.swift in Sources */ = {isa = PBXBuildFile; fileRef = E009035923DB7E7800E886E5 /* modalTesteTests.swift */; };
		E009036523DB7E7800E886E5 /* modalTesteUITests.swift in Sources */ = {isa = PBXBuildFile; fileRef = E009036423DB7E7800E886E5 /* modalTesteUITests.swift */; };
		E009037B23DB9C0E00E886E5 /* HomeListViewController.swift in Sources */ = {isa = PBXBuildFile; fileRef = E009037923DB9C0E00E886E5 /* HomeListViewController.swift */; };
		E009037C23DB9C0E00E886E5 /* HomeListViewController.xib in Resources */ = {isa = PBXBuildFile; fileRef = E009037A23DB9C0E00E886E5 /* HomeListViewController.xib */; };
		E009037E23DB9C2400E886E5 /* HomeListViewModel.swift in Sources */ = {isa = PBXBuildFile; fileRef = E009037D23DB9C2400E886E5 /* HomeListViewModel.swift */; };
		E009038023DB9C3000E886E5 /* Repository.swift in Sources */ = {isa = PBXBuildFile; fileRef = E009037F23DB9C3000E886E5 /* Repository.swift */; };
		E009038223DB9C4E00E886E5 /* HomeListCoordinator.swift in Sources */ = {isa = PBXBuildFile; fileRef = E009038123DB9C4E00E886E5 /* HomeListCoordinator.swift */; };
		E009038823DB9F3200E886E5 /* AppCoordinator.swift in Sources */ = {isa = PBXBuildFile; fileRef = E009038723DB9F3200E886E5 /* AppCoordinator.swift */; };
		E009038A23DBA09700E886E5 /* NetworkService.swift in Sources */ = {isa = PBXBuildFile; fileRef = E009038923DBA09700E886E5 /* NetworkService.swift */; };
		E009038D23DBA0D200E886E5 /* NetworkiResourceResponse.swift in Sources */ = {isa = PBXBuildFile; fileRef = E009038C23DBA0D200E886E5 /* NetworkiResourceResponse.swift */; };
		E009038F23DBA0F600E886E5 /* APIConnection.swift in Sources */ = {isa = PBXBuildFile; fileRef = E009038E23DBA0F600E886E5 /* APIConnection.swift */; };
		E009039123DBA17400E886E5 /* ApiRequest.swift in Sources */ = {isa = PBXBuildFile; fileRef = E009039023DBA17400E886E5 /* ApiRequest.swift */; };
		E009039523DBAD1B00E886E5 /* BaseViewModel.swift in Sources */ = {isa = PBXBuildFile; fileRef = E009039423DBAD1B00E886E5 /* BaseViewModel.swift */; };
		E009039823DBB08900E886E5 /* BaseCoordinator.swift in Sources */ = {isa = PBXBuildFile; fileRef = E009039723DBB08900E886E5 /* BaseCoordinator.swift */; };
		E009039C23DC68B300E886E5 /* RepositoryCollectionViewCell.swift in Sources */ = {isa = PBXBuildFile; fileRef = E009039A23DC68B300E886E5 /* RepositoryCollectionViewCell.swift */; };
		E009039D23DC68B300E886E5 /* RepositoryCollectionViewCell.xib in Resources */ = {isa = PBXBuildFile; fileRef = E009039B23DC68B300E886E5 /* RepositoryCollectionViewCell.xib */; };
		E00903A023DCA75800E886E5 /* EXNavigationController.swift in Sources */ = {isa = PBXBuildFile; fileRef = E009039F23DCA75800E886E5 /* EXNavigationController.swift */; };
		E00903A223DCA79000E886E5 /* EXColor.swift in Sources */ = {isa = PBXBuildFile; fileRef = E00903A123DCA79000E886E5 /* EXColor.swift */; };
		E00903AA23DCAA9A00E886E5 /* Roboto-Black.ttf in Resources */ = {isa = PBXBuildFile; fileRef = E00903A823DCAA8C00E886E5 /* Roboto-Black.ttf */; };
		E00903AB23DCAA9A00E886E5 /* Roboto-Bold.ttf in Resources */ = {isa = PBXBuildFile; fileRef = E00903A423DCAA8C00E886E5 /* Roboto-Bold.ttf */; };
		E00903AC23DCAA9A00E886E5 /* Roboto-Light.ttf in Resources */ = {isa = PBXBuildFile; fileRef = E00903A923DCAA8C00E886E5 /* Roboto-Light.ttf */; };
		E00903AD23DCAA9A00E886E5 /* Roboto-Medium.ttf in Resources */ = {isa = PBXBuildFile; fileRef = E00903A523DCAA8C00E886E5 /* Roboto-Medium.ttf */; };
		E00903AE23DCAA9A00E886E5 /* Roboto-Regular.ttf in Resources */ = {isa = PBXBuildFile; fileRef = E00903A723DCAA8C00E886E5 /* Roboto-Regular.ttf */; };
		E00903AF23DCAA9A00E886E5 /* Roboto-Thin.ttf in Resources */ = {isa = PBXBuildFile; fileRef = E00903A623DCAA8C00E886E5 /* Roboto-Thin.ttf */; };
		E00903B123DCC52800E886E5 /* EXDate.swift in Sources */ = {isa = PBXBuildFile; fileRef = E00903B023DCC52800E886E5 /* EXDate.swift */; };
		E00903B323DCD8D100E886E5 /* EXInt.swift in Sources */ = {isa = PBXBuildFile; fileRef = E00903B223DCD8D100E886E5 /* EXInt.swift */; };
/* End PBXBuildFile section */

/* Begin PBXContainerItemProxy section */
		E009035623DB7E7800E886E5 /* PBXContainerItemProxy */ = {
			isa = PBXContainerItemProxy;
			containerPortal = E009033723DB7E7500E886E5 /* Project object */;
			proxyType = 1;
			remoteGlobalIDString = E009033E23DB7E7500E886E5;
			remoteInfo = modalTeste;
		};
		E009036123DB7E7800E886E5 /* PBXContainerItemProxy */ = {
			isa = PBXContainerItemProxy;
			containerPortal = E009033723DB7E7500E886E5 /* Project object */;
			proxyType = 1;
			remoteGlobalIDString = E009033E23DB7E7500E886E5;
			remoteInfo = modalTeste;
		};
/* End PBXContainerItemProxy section */

/* Begin PBXFileReference section */
		13490723677CC1A680B211DD /* Pods-modalTeste-modalTesteUITests.release.xcconfig */ = {isa = PBXFileReference; includeInIndex = 1; lastKnownFileType = text.xcconfig; name = "Pods-modalTeste-modalTesteUITests.release.xcconfig"; path = "Target Support Files/Pods-modalTeste-modalTesteUITests/Pods-modalTeste-modalTesteUITests.release.xcconfig"; sourceTree = "<group>"; };
		27DBC5A9F293147B959CA37C /* Pods-modalTeste.debug.xcconfig */ = {isa = PBXFileReference; includeInIndex = 1; lastKnownFileType = text.xcconfig; name = "Pods-modalTeste.debug.xcconfig"; path = "Target Support Files/Pods-modalTeste/Pods-modalTeste.debug.xcconfig"; sourceTree = "<group>"; };
		2FA37B19AB90101A233F9CDC /* Pods-modalTesteTests.release.xcconfig */ = {isa = PBXFileReference; includeInIndex = 1; lastKnownFileType = text.xcconfig; name = "Pods-modalTesteTests.release.xcconfig"; path = "Target Support Files/Pods-modalTesteTests/Pods-modalTesteTests.release.xcconfig"; sourceTree = "<group>"; };
		4E1B0C875A4155BC32DE8C95 /* Pods-modalTeste.release.xcconfig */ = {isa = PBXFileReference; includeInIndex = 1; lastKnownFileType = text.xcconfig; name = "Pods-modalTeste.release.xcconfig"; path = "Target Support Files/Pods-modalTeste/Pods-modalTeste.release.xcconfig"; sourceTree = "<group>"; };
		570AC5EE68C97B378823601A /* Pods_modalTeste.framework */ = {isa = PBXFileReference; explicitFileType = wrapper.framework; includeInIndex = 0; path = Pods_modalTeste.framework; sourceTree = BUILT_PRODUCTS_DIR; };
		69B8070D865141728B399D84 /* Pods_modalTeste_modalTesteUITests.framework */ = {isa = PBXFileReference; explicitFileType = wrapper.framework; includeInIndex = 0; path = Pods_modalTeste_modalTesteUITests.framework; sourceTree = BUILT_PRODUCTS_DIR; };
		9371B0B26DB91897EE7C4E0B /* Pods_modalTesteTests.framework */ = {isa = PBXFileReference; explicitFileType = wrapper.framework; includeInIndex = 0; path = Pods_modalTesteTests.framework; sourceTree = BUILT_PRODUCTS_DIR; };
		A0657631BD23CC6968886315 /* Pods-modalTeste-modalTesteUITests.debug.xcconfig */ = {isa = PBXFileReference; includeInIndex = 1; lastKnownFileType = text.xcconfig; name = "Pods-modalTeste-modalTesteUITests.debug.xcconfig"; path = "Target Support Files/Pods-modalTeste-modalTesteUITests/Pods-modalTeste-modalTesteUITests.debug.xcconfig"; sourceTree = "<group>"; };
		AD44638B5FB84B1EDBA21DFB /* Pods-modalTesteTests.debug.xcconfig */ = {isa = PBXFileReference; includeInIndex = 1; lastKnownFileType = text.xcconfig; name = "Pods-modalTesteTests.debug.xcconfig"; path = "Target Support Files/Pods-modalTesteTests/Pods-modalTesteTests.debug.xcconfig"; sourceTree = "<group>"; };
		E009033F23DB7E7500E886E5 /* modalTeste.app */ = {isa = PBXFileReference; explicitFileType = wrapper.application; includeInIndex = 0; path = modalTeste.app; sourceTree = BUILT_PRODUCTS_DIR; };
		E009034223DB7E7500E886E5 /* AppDelegate.swift */ = {isa = PBXFileReference; lastKnownFileType = sourcecode.swift; path = AppDelegate.swift; sourceTree = "<group>"; };
		E009034423DB7E7500E886E5 /* SceneDelegate.swift */ = {isa = PBXFileReference; lastKnownFileType = sourcecode.swift; path = SceneDelegate.swift; sourceTree = "<group>"; };
		E009034B23DB7E7700E886E5 /* Assets.xcassets */ = {isa = PBXFileReference; lastKnownFileType = folder.assetcatalog; path = Assets.xcassets; sourceTree = "<group>"; };
		E009034E23DB7E7700E886E5 /* Base */ = {isa = PBXFileReference; lastKnownFileType = file.storyboard; name = Base; path = Base.lproj/LaunchScreen.storyboard; sourceTree = "<group>"; };
		E009035023DB7E7700E886E5 /* Info.plist */ = {isa = PBXFileReference; lastKnownFileType = text.plist.xml; path = Info.plist; sourceTree = "<group>"; };
		E009035523DB7E7800E886E5 /* modalTesteTests.xctest */ = {isa = PBXFileReference; explicitFileType = wrapper.cfbundle; includeInIndex = 0; path = modalTesteTests.xctest; sourceTree = BUILT_PRODUCTS_DIR; };
		E009035923DB7E7800E886E5 /* modalTesteTests.swift */ = {isa = PBXFileReference; lastKnownFileType = sourcecode.swift; path = modalTesteTests.swift; sourceTree = "<group>"; };
		E009035B23DB7E7800E886E5 /* Info.plist */ = {isa = PBXFileReference; lastKnownFileType = text.plist.xml; path = Info.plist; sourceTree = "<group>"; };
		E009036023DB7E7800E886E5 /* modalTesteUITests.xctest */ = {isa = PBXFileReference; explicitFileType = wrapper.cfbundle; includeInIndex = 0; path = modalTesteUITests.xctest; sourceTree = BUILT_PRODUCTS_DIR; };
		E009036423DB7E7800E886E5 /* modalTesteUITests.swift */ = {isa = PBXFileReference; lastKnownFileType = sourcecode.swift; path = modalTesteUITests.swift; sourceTree = "<group>"; };
		E009036623DB7E7800E886E5 /* Info.plist */ = {isa = PBXFileReference; lastKnownFileType = text.plist.xml; path = Info.plist; sourceTree = "<group>"; };
		E009037923DB9C0E00E886E5 /* HomeListViewController.swift */ = {isa = PBXFileReference; lastKnownFileType = sourcecode.swift; path = HomeListViewController.swift; sourceTree = "<group>"; };
		E009037A23DB9C0E00E886E5 /* HomeListViewController.xib */ = {isa = PBXFileReference; lastKnownFileType = file.xib; path = HomeListViewController.xib; sourceTree = "<group>"; };
		E009037D23DB9C2400E886E5 /* HomeListViewModel.swift */ = {isa = PBXFileReference; lastKnownFileType = sourcecode.swift; path = HomeListViewModel.swift; sourceTree = "<group>"; };
		E009037F23DB9C3000E886E5 /* Repository.swift */ = {isa = PBXFileReference; lastKnownFileType = sourcecode.swift; path = Repository.swift; sourceTree = "<group>"; };
		E009038123DB9C4E00E886E5 /* HomeListCoordinator.swift */ = {isa = PBXFileReference; lastKnownFileType = sourcecode.swift; path = HomeListCoordinator.swift; sourceTree = "<group>"; };
		E009038723DB9F3200E886E5 /* AppCoordinator.swift */ = {isa = PBXFileReference; lastKnownFileType = sourcecode.swift; path = AppCoordinator.swift; sourceTree = "<group>"; };
		E009038923DBA09700E886E5 /* NetworkService.swift */ = {isa = PBXFileReference; lastKnownFileType = sourcecode.swift; path = NetworkService.swift; sourceTree = "<group>"; };
		E009038C23DBA0D200E886E5 /* NetworkiResourceResponse.swift */ = {isa = PBXFileReference; lastKnownFileType = sourcecode.swift; path = NetworkiResourceResponse.swift; sourceTree = "<group>"; };
		E009038E23DBA0F600E886E5 /* APIConnection.swift */ = {isa = PBXFileReference; lastKnownFileType = sourcecode.swift; path = APIConnection.swift; sourceTree = "<group>"; };
		E009039023DBA17400E886E5 /* ApiRequest.swift */ = {isa = PBXFileReference; lastKnownFileType = sourcecode.swift; path = ApiRequest.swift; sourceTree = "<group>"; };
		E009039423DBAD1B00E886E5 /* BaseViewModel.swift */ = {isa = PBXFileReference; lastKnownFileType = sourcecode.swift; path = BaseViewModel.swift; sourceTree = "<group>"; };
		E009039723DBB08900E886E5 /* BaseCoordinator.swift */ = {isa = PBXFileReference; lastKnownFileType = sourcecode.swift; path = BaseCoordinator.swift; sourceTree = "<group>"; };
		E009039A23DC68B300E886E5 /* RepositoryCollectionViewCell.swift */ = {isa = PBXFileReference; lastKnownFileType = sourcecode.swift; path = RepositoryCollectionViewCell.swift; sourceTree = "<group>"; };
		E009039B23DC68B300E886E5 /* RepositoryCollectionViewCell.xib */ = {isa = PBXFileReference; lastKnownFileType = file.xib; path = RepositoryCollectionViewCell.xib; sourceTree = "<group>"; };
		E009039F23DCA75800E886E5 /* EXNavigationController.swift */ = {isa = PBXFileReference; lastKnownFileType = sourcecode.swift; path = EXNavigationController.swift; sourceTree = "<group>"; };
		E00903A123DCA79000E886E5 /* EXColor.swift */ = {isa = PBXFileReference; lastKnownFileType = sourcecode.swift; path = EXColor.swift; sourceTree = "<group>"; };
		E00903A423DCAA8C00E886E5 /* Roboto-Bold.ttf */ = {isa = PBXFileReference; lastKnownFileType = file; path = "Roboto-Bold.ttf"; sourceTree = "<group>"; };
		E00903A523DCAA8C00E886E5 /* Roboto-Medium.ttf */ = {isa = PBXFileReference; lastKnownFileType = file; path = "Roboto-Medium.ttf"; sourceTree = "<group>"; };
		E00903A623DCAA8C00E886E5 /* Roboto-Thin.ttf */ = {isa = PBXFileReference; lastKnownFileType = file; path = "Roboto-Thin.ttf"; sourceTree = "<group>"; };
		E00903A723DCAA8C00E886E5 /* Roboto-Regular.ttf */ = {isa = PBXFileReference; lastKnownFileType = file; path = "Roboto-Regular.ttf"; sourceTree = "<group>"; };
		E00903A823DCAA8C00E886E5 /* Roboto-Black.ttf */ = {isa = PBXFileReference; lastKnownFileType = file; path = "Roboto-Black.ttf"; sourceTree = "<group>"; };
		E00903A923DCAA8C00E886E5 /* Roboto-Light.ttf */ = {isa = PBXFileReference; lastKnownFileType = file; path = "Roboto-Light.ttf"; sourceTree = "<group>"; };
		E00903B023DCC52800E886E5 /* EXDate.swift */ = {isa = PBXFileReference; lastKnownFileType = sourcecode.swift; path = EXDate.swift; sourceTree = "<group>"; };
		E00903B223DCD8D100E886E5 /* EXInt.swift */ = {isa = PBXFileReference; lastKnownFileType = sourcecode.swift; path = EXInt.swift; sourceTree = "<group>"; };
/* End PBXFileReference section */

/* Begin PBXFrameworksBuildPhase section */
		E009033C23DB7E7500E886E5 /* Frameworks */ = {
			isa = PBXFrameworksBuildPhase;
			buildActionMask = 2147483647;
			files = (
				B065D988B7D2B2D5880D1C86 /* Pods_modalTeste.framework in Frameworks */,
			);
			runOnlyForDeploymentPostprocessing = 0;
		};
		E009035223DB7E7800E886E5 /* Frameworks */ = {
			isa = PBXFrameworksBuildPhase;
			buildActionMask = 2147483647;
			files = (
				0684E063AF86AC13309697D8 /* Pods_modalTesteTests.framework in Frameworks */,
			);
			runOnlyForDeploymentPostprocessing = 0;
		};
		E009035D23DB7E7800E886E5 /* Frameworks */ = {
			isa = PBXFrameworksBuildPhase;
			buildActionMask = 2147483647;
			files = (
				218418752792B6DF500A0D63 /* Pods_modalTeste_modalTesteUITests.framework in Frameworks */,
			);
			runOnlyForDeploymentPostprocessing = 0;
		};
/* End PBXFrameworksBuildPhase section */

/* Begin PBXGroup section */
		B12D0682CFE192A07E3A21B9 /* Pods */ = {
			isa = PBXGroup;
			children = (
				27DBC5A9F293147B959CA37C /* Pods-modalTeste.debug.xcconfig */,
				4E1B0C875A4155BC32DE8C95 /* Pods-modalTeste.release.xcconfig */,
				A0657631BD23CC6968886315 /* Pods-modalTeste-modalTesteUITests.debug.xcconfig */,
				13490723677CC1A680B211DD /* Pods-modalTeste-modalTesteUITests.release.xcconfig */,
				AD44638B5FB84B1EDBA21DFB /* Pods-modalTesteTests.debug.xcconfig */,
				2FA37B19AB90101A233F9CDC /* Pods-modalTesteTests.release.xcconfig */,
			);
			path = Pods;
			sourceTree = "<group>";
		};
		DB501AEE54FEFB6735ED8D76 /* Frameworks */ = {
			isa = PBXGroup;
			children = (
				570AC5EE68C97B378823601A /* Pods_modalTeste.framework */,
				69B8070D865141728B399D84 /* Pods_modalTeste_modalTesteUITests.framework */,
				9371B0B26DB91897EE7C4E0B /* Pods_modalTesteTests.framework */,
			);
			name = Frameworks;
			sourceTree = "<group>";
		};
		E009033623DB7E7500E886E5 = {
			isa = PBXGroup;
			children = (
				E009034123DB7E7500E886E5 /* modalTeste */,
				E009035823DB7E7800E886E5 /* modalTesteTests */,
				E009036323DB7E7800E886E5 /* modalTesteUITests */,
				E009034023DB7E7500E886E5 /* Products */,
				B12D0682CFE192A07E3A21B9 /* Pods */,
				DB501AEE54FEFB6735ED8D76 /* Frameworks */,
			);
			sourceTree = "<group>";
		};
		E009034023DB7E7500E886E5 /* Products */ = {
			isa = PBXGroup;
			children = (
				E009033F23DB7E7500E886E5 /* modalTeste.app */,
				E009035523DB7E7800E886E5 /* modalTesteTests.xctest */,
				E009036023DB7E7800E886E5 /* modalTesteUITests.xctest */,
			);
			name = Products;
			sourceTree = "<group>";
		};
		E009034123DB7E7500E886E5 /* modalTeste */ = {
			isa = PBXGroup;
			children = (
				E009037323DB980A00E886E5 /* Application */,
				E009039623DBAEB900E886E5 /* Scenes */,
				E009039223DBACFB00E886E5 /* Commum */,
				E009038323DB9D4700E886E5 /* Assets */,
				E009037623DB9B7800E886E5 /* Models */,
				E009037223DB97A200E886E5 /* Network */,
				E009035023DB7E7700E886E5 /* Info.plist */,
			);
			path = modalTeste;
			sourceTree = "<group>";
		};
		E009035823DB7E7800E886E5 /* modalTesteTests */ = {
			isa = PBXGroup;
			children = (
				E009035923DB7E7800E886E5 /* modalTesteTests.swift */,
				E009035B23DB7E7800E886E5 /* Info.plist */,
			);
			path = modalTesteTests;
			sourceTree = "<group>";
		};
		E009036323DB7E7800E886E5 /* modalTesteUITests */ = {
			isa = PBXGroup;
			children = (
				E009036423DB7E7800E886E5 /* modalTesteUITests.swift */,
				E009036623DB7E7800E886E5 /* Info.plist */,
			);
			path = modalTesteUITests;
			sourceTree = "<group>";
		};
		E009037223DB97A200E886E5 /* Network */ = {
			isa = PBXGroup;
			children = (
				E009039023DBA17400E886E5 /* ApiRequest.swift */,
				E009038E23DBA0F600E886E5 /* APIConnection.swift */,
				E009038923DBA09700E886E5 /* NetworkService.swift */,
				E009038B23DBA0AF00E886E5 /* NetworkingRessourceResponse */,
			);
			path = Network;
			sourceTree = "<group>";
		};
		E009037323DB980A00E886E5 /* Application */ = {
			isa = PBXGroup;
			children = (
				E009038423DB9E2700E886E5 /* Coordinator */,
				E009034223DB7E7500E886E5 /* AppDelegate.swift */,
				E009034423DB7E7500E886E5 /* SceneDelegate.swift */,
			);
			path = Application;
			sourceTree = "<group>";
		};
		E009037423DB9B6200E886E5 /* Home */ = {
			isa = PBXGroup;
			children = (
				E009037823DB9BF300E886E5 /* Controller */,
				E009037723DB9B7E00E886E5 /* ViewModel */,
				E009037523DB9B6E00E886E5 /* Coordinator */,
			);
			path = Home;
			sourceTree = "<group>";
		};
		E009037523DB9B6E00E886E5 /* Coordinator */ = {
			isa = PBXGroup;
			children = (
				E009038123DB9C4E00E886E5 /* HomeListCoordinator.swift */,
			);
			path = Coordinator;
			sourceTree = "<group>";
		};
		E009037623DB9B7800E886E5 /* Models */ = {
			isa = PBXGroup;
			children = (
				E009037F23DB9C3000E886E5 /* Repository.swift */,
			);
			path = Models;
			sourceTree = "<group>";
		};
		E009037723DB9B7E00E886E5 /* ViewModel */ = {
			isa = PBXGroup;
			children = (
				E009037D23DB9C2400E886E5 /* HomeListViewModel.swift */,
			);
			path = ViewModel;
			sourceTree = "<group>";
		};
		E009037823DB9BF300E886E5 /* Controller */ = {
			isa = PBXGroup;
			children = (
				E009039923DC689800E886E5 /* RepositoryCell */,
				E009037923DB9C0E00E886E5 /* HomeListViewController.swift */,
				E009037A23DB9C0E00E886E5 /* HomeListViewController.xib */,
			);
			path = Controller;
			sourceTree = "<group>";
		};
		E009038323DB9D4700E886E5 /* Assets */ = {
			isa = PBXGroup;
			children = (
				E00903A323DCAA6B00E886E5 /* Fonts */,
				E009034B23DB7E7700E886E5 /* Assets.xcassets */,
				E009034D23DB7E7700E886E5 /* LaunchScreen.storyboard */,
			);
			path = Assets;
			sourceTree = "<group>";
		};
		E009038423DB9E2700E886E5 /* Coordinator */ = {
			isa = PBXGroup;
			children = (
				E009038723DB9F3200E886E5 /* AppCoordinator.swift */,
			);
			path = Coordinator;
			sourceTree = "<group>";
		};
		E009038B23DBA0AF00E886E5 /* NetworkingRessourceResponse */ = {
			isa = PBXGroup;
			children = (
				E009038C23DBA0D200E886E5 /* NetworkiResourceResponse.swift */,
			);
			path = NetworkingRessourceResponse;
			sourceTree = "<group>";
		};
		E009039223DBACFB00E886E5 /* Commum */ = {
			isa = PBXGroup;
			children = (
				E009039E23DCA74400E886E5 /* Extesions */,
				E009039323DBAD0600E886E5 /* Base */,
			);
			path = Commum;
			sourceTree = "<group>";
		};
		E009039323DBAD0600E886E5 /* Base */ = {
			isa = PBXGroup;
			children = (
				E009039423DBAD1B00E886E5 /* BaseViewModel.swift */,
				E009039723DBB08900E886E5 /* BaseCoordinator.swift */,
			);
			path = Base;
			sourceTree = "<group>";
		};
		E009039623DBAEB900E886E5 /* Scenes */ = {
			isa = PBXGroup;
			children = (
				E009037423DB9B6200E886E5 /* Home */,
			);
			path = Scenes;
			sourceTree = "<group>";
		};
		E009039923DC689800E886E5 /* RepositoryCell */ = {
			isa = PBXGroup;
			children = (
				E009039A23DC68B300E886E5 /* RepositoryCollectionViewCell.swift */,
				E009039B23DC68B300E886E5 /* RepositoryCollectionViewCell.xib */,
			);
			path = RepositoryCell;
			sourceTree = "<group>";
		};
		E009039E23DCA74400E886E5 /* Extesions */ = {
			isa = PBXGroup;
			children = (
				E009039F23DCA75800E886E5 /* EXNavigationController.swift */,
				E00903A123DCA79000E886E5 /* EXColor.swift */,
				E00903B023DCC52800E886E5 /* EXDate.swift */,
				E00903B223DCD8D100E886E5 /* EXInt.swift */,
			);
			path = Extesions;
			sourceTree = "<group>";
		};
		E00903A323DCAA6B00E886E5 /* Fonts */ = {
			isa = PBXGroup;
			children = (
				E00903A823DCAA8C00E886E5 /* Roboto-Black.ttf */,
				E00903A423DCAA8C00E886E5 /* Roboto-Bold.ttf */,
				E00903A923DCAA8C00E886E5 /* Roboto-Light.ttf */,
				E00903A523DCAA8C00E886E5 /* Roboto-Medium.ttf */,
				E00903A723DCAA8C00E886E5 /* Roboto-Regular.ttf */,
				E00903A623DCAA8C00E886E5 /* Roboto-Thin.ttf */,
			);
			path = Fonts;
			sourceTree = "<group>";
		};
/* End PBXGroup section */

/* Begin PBXNativeTarget section */
		E009033E23DB7E7500E886E5 /* modalTeste */ = {
			isa = PBXNativeTarget;
			buildConfigurationList = E009036923DB7E7800E886E5 /* Build configuration list for PBXNativeTarget "modalTeste" */;
			buildPhases = (
				91DD2C2AD96839D4C8F4EBA0 /* [CP] Check Pods Manifest.lock */,
				E009033B23DB7E7500E886E5 /* Sources */,
				E009033C23DB7E7500E886E5 /* Frameworks */,
				E009033D23DB7E7500E886E5 /* Resources */,
				E3EF77416450CB28FE37653B /* [CP] Embed Pods Frameworks */,
			);
			buildRules = (
			);
			dependencies = (
			);
			name = modalTeste;
			productName = modalTeste;
			productReference = E009033F23DB7E7500E886E5 /* modalTeste.app */;
			productType = "com.apple.product-type.application";
		};
		E009035423DB7E7800E886E5 /* modalTesteTests */ = {
			isa = PBXNativeTarget;
			buildConfigurationList = E009036C23DB7E7800E886E5 /* Build configuration list for PBXNativeTarget "modalTesteTests" */;
			buildPhases = (
				007E2868B3A276A4CB91C4C9 /* [CP] Check Pods Manifest.lock */,
				E009035123DB7E7800E886E5 /* Sources */,
				E009035223DB7E7800E886E5 /* Frameworks */,
				E009035323DB7E7800E886E5 /* Resources */,
			);
			buildRules = (
			);
			dependencies = (
				E009035723DB7E7800E886E5 /* PBXTargetDependency */,
			);
			name = modalTesteTests;
			productName = modalTesteTests;
			productReference = E009035523DB7E7800E886E5 /* modalTesteTests.xctest */;
			productType = "com.apple.product-type.bundle.unit-test";
		};
		E009035F23DB7E7800E886E5 /* modalTesteUITests */ = {
			isa = PBXNativeTarget;
			buildConfigurationList = E009036F23DB7E7800E886E5 /* Build configuration list for PBXNativeTarget "modalTesteUITests" */;
			buildPhases = (
				A11A91ACBBD4C8EB041B4364 /* [CP] Check Pods Manifest.lock */,
				E009035C23DB7E7800E886E5 /* Sources */,
				E009035D23DB7E7800E886E5 /* Frameworks */,
				E009035E23DB7E7800E886E5 /* Resources */,
				385AD05E3EAC1FD17A39E437 /* [CP] Embed Pods Frameworks */,
			);
			buildRules = (
			);
			dependencies = (
				E009036223DB7E7800E886E5 /* PBXTargetDependency */,
			);
			name = modalTesteUITests;
			productName = modalTesteUITests;
			productReference = E009036023DB7E7800E886E5 /* modalTesteUITests.xctest */;
			productType = "com.apple.product-type.bundle.ui-testing";
		};
/* End PBXNativeTarget section */

/* Begin PBXProject section */
		E009033723DB7E7500E886E5 /* Project object */ = {
			isa = PBXProject;
			attributes = {
				LastSwiftUpdateCheck = 1130;
				LastUpgradeCheck = 1130;
				ORGANIZATIONNAME = "Weslley Madeira";
				TargetAttributes = {
					E009033E23DB7E7500E886E5 = {
						CreatedOnToolsVersion = 11.3;
					};
					E009035423DB7E7800E886E5 = {
						CreatedOnToolsVersion = 11.3;
						TestTargetID = E009033E23DB7E7500E886E5;
					};
					E009035F23DB7E7800E886E5 = {
						CreatedOnToolsVersion = 11.3;
						TestTargetID = E009033E23DB7E7500E886E5;
					};
				};
			};
			buildConfigurationList = E009033A23DB7E7500E886E5 /* Build configuration list for PBXProject "modalTeste" */;
			compatibilityVersion = "Xcode 9.3";
			developmentRegion = en;
			hasScannedForEncodings = 0;
			knownRegions = (
				en,
				Base,
			);
			mainGroup = E009033623DB7E7500E886E5;
			productRefGroup = E009034023DB7E7500E886E5 /* Products */;
			projectDirPath = "";
			projectRoot = "";
			targets = (
				E009033E23DB7E7500E886E5 /* modalTeste */,
				E009035423DB7E7800E886E5 /* modalTesteTests */,
				E009035F23DB7E7800E886E5 /* modalTesteUITests */,
			);
		};
/* End PBXProject section */

/* Begin PBXResourcesBuildPhase section */
		E009033D23DB7E7500E886E5 /* Resources */ = {
			isa = PBXResourcesBuildPhase;
			buildActionMask = 2147483647;
			files = (
				E00903AD23DCAA9A00E886E5 /* Roboto-Medium.ttf in Resources */,
				E009039D23DC68B300E886E5 /* RepositoryCollectionViewCell.xib in Resources */,
				E009037C23DB9C0E00E886E5 /* HomeListViewController.xib in Resources */,
				E00903AB23DCAA9A00E886E5 /* Roboto-Bold.ttf in Resources */,
				E00903AA23DCAA9A00E886E5 /* Roboto-Black.ttf in Resources */,
				E00903AC23DCAA9A00E886E5 /* Roboto-Light.ttf in Resources */,
				E00903AE23DCAA9A00E886E5 /* Roboto-Regular.ttf in Resources */,
				E009034F23DB7E7700E886E5 /* LaunchScreen.storyboard in Resources */,
				E00903AF23DCAA9A00E886E5 /* Roboto-Thin.ttf in Resources */,
				E009034C23DB7E7700E886E5 /* Assets.xcassets in Resources */,
			);
			runOnlyForDeploymentPostprocessing = 0;
		};
		E009035323DB7E7800E886E5 /* Resources */ = {
			isa = PBXResourcesBuildPhase;
			buildActionMask = 2147483647;
			files = (
			);
			runOnlyForDeploymentPostprocessing = 0;
		};
		E009035E23DB7E7800E886E5 /* Resources */ = {
			isa = PBXResourcesBuildPhase;
			buildActionMask = 2147483647;
			files = (
			);
			runOnlyForDeploymentPostprocessing = 0;
		};
/* End PBXResourcesBuildPhase section */

/* Begin PBXShellScriptBuildPhase section */
		007E2868B3A276A4CB91C4C9 /* [CP] Check Pods Manifest.lock */ = {
			isa = PBXShellScriptBuildPhase;
			buildActionMask = 2147483647;
			files = (
			);
			inputFileListPaths = (
			);
			inputPaths = (
				"${PODS_PODFILE_DIR_PATH}/Podfile.lock",
				"${PODS_ROOT}/Manifest.lock",
			);
			name = "[CP] Check Pods Manifest.lock";
			outputFileListPaths = (
			);
			outputPaths = (
				"$(DERIVED_FILE_DIR)/Pods-modalTesteTests-checkManifestLockResult.txt",
			);
			runOnlyForDeploymentPostprocessing = 0;
			shellPath = /bin/sh;
			shellScript = "diff \"${PODS_PODFILE_DIR_PATH}/Podfile.lock\" \"${PODS_ROOT}/Manifest.lock\" > /dev/null\nif [ $? != 0 ] ; then\n    # print error to STDERR\n    echo \"error: The sandbox is not in sync with the Podfile.lock. Run 'pod install' or update your CocoaPods installation.\" >&2\n    exit 1\nfi\n# This output is used by Xcode 'outputs' to avoid re-running this script phase.\necho \"SUCCESS\" > \"${SCRIPT_OUTPUT_FILE_0}\"\n";
			showEnvVarsInLog = 0;
		};
		385AD05E3EAC1FD17A39E437 /* [CP] Embed Pods Frameworks */ = {
			isa = PBXShellScriptBuildPhase;
			buildActionMask = 2147483647;
			files = (
			);
			inputFileListPaths = (
				"${PODS_ROOT}/Target Support Files/Pods-modalTeste-modalTesteUITests/Pods-modalTeste-modalTesteUITests-frameworks-${CONFIGURATION}-input-files.xcfilelist",
			);
			name = "[CP] Embed Pods Frameworks";
			outputFileListPaths = (
				"${PODS_ROOT}/Target Support Files/Pods-modalTeste-modalTesteUITests/Pods-modalTeste-modalTesteUITests-frameworks-${CONFIGURATION}-output-files.xcfilelist",
			);
			runOnlyForDeploymentPostprocessing = 0;
			shellPath = /bin/sh;
			shellScript = "\"${PODS_ROOT}/Target Support Files/Pods-modalTeste-modalTesteUITests/Pods-modalTeste-modalTesteUITests-frameworks.sh\"\n";
			showEnvVarsInLog = 0;
		};
		91DD2C2AD96839D4C8F4EBA0 /* [CP] Check Pods Manifest.lock */ = {
			isa = PBXShellScriptBuildPhase;
			buildActionMask = 2147483647;
			files = (
			);
			inputFileListPaths = (
			);
			inputPaths = (
				"${PODS_PODFILE_DIR_PATH}/Podfile.lock",
				"${PODS_ROOT}/Manifest.lock",
			);
			name = "[CP] Check Pods Manifest.lock";
			outputFileListPaths = (
			);
			outputPaths = (
				"$(DERIVED_FILE_DIR)/Pods-modalTeste-checkManifestLockResult.txt",
			);
			runOnlyForDeploymentPostprocessing = 0;
			shellPath = /bin/sh;
			shellScript = "diff \"${PODS_PODFILE_DIR_PATH}/Podfile.lock\" \"${PODS_ROOT}/Manifest.lock\" > /dev/null\nif [ $? != 0 ] ; then\n    # print error to STDERR\n    echo \"error: The sandbox is not in sync with the Podfile.lock. Run 'pod install' or update your CocoaPods installation.\" >&2\n    exit 1\nfi\n# This output is used by Xcode 'outputs' to avoid re-running this script phase.\necho \"SUCCESS\" > \"${SCRIPT_OUTPUT_FILE_0}\"\n";
			showEnvVarsInLog = 0;
		};
		A11A91ACBBD4C8EB041B4364 /* [CP] Check Pods Manifest.lock */ = {
			isa = PBXShellScriptBuildPhase;
			buildActionMask = 2147483647;
			files = (
			);
			inputFileListPaths = (
			);
			inputPaths = (
				"${PODS_PODFILE_DIR_PATH}/Podfile.lock",
				"${PODS_ROOT}/Manifest.lock",
			);
			name = "[CP] Check Pods Manifest.lock";
			outputFileListPaths = (
			);
			outputPaths = (
				"$(DERIVED_FILE_DIR)/Pods-modalTeste-modalTesteUITests-checkManifestLockResult.txt",
			);
			runOnlyForDeploymentPostprocessing = 0;
			shellPath = /bin/sh;
			shellScript = "diff \"${PODS_PODFILE_DIR_PATH}/Podfile.lock\" \"${PODS_ROOT}/Manifest.lock\" > /dev/null\nif [ $? != 0 ] ; then\n    # print error to STDERR\n    echo \"error: The sandbox is not in sync with the Podfile.lock. Run 'pod install' or update your CocoaPods installation.\" >&2\n    exit 1\nfi\n# This output is used by Xcode 'outputs' to avoid re-running this script phase.\necho \"SUCCESS\" > \"${SCRIPT_OUTPUT_FILE_0}\"\n";
			showEnvVarsInLog = 0;
		};
		E3EF77416450CB28FE37653B /* [CP] Embed Pods Frameworks */ = {
			isa = PBXShellScriptBuildPhase;
			buildActionMask = 2147483647;
			files = (
			);
			inputFileListPaths = (
				"${PODS_ROOT}/Target Support Files/Pods-modalTeste/Pods-modalTeste-frameworks-${CONFIGURATION}-input-files.xcfilelist",
			);
			name = "[CP] Embed Pods Frameworks";
			outputFileListPaths = (
				"${PODS_ROOT}/Target Support Files/Pods-modalTeste/Pods-modalTeste-frameworks-${CONFIGURATION}-output-files.xcfilelist",
			);
			runOnlyForDeploymentPostprocessing = 0;
			shellPath = /bin/sh;
			shellScript = "\"${PODS_ROOT}/Target Support Files/Pods-modalTeste/Pods-modalTeste-frameworks.sh\"\n";
			showEnvVarsInLog = 0;
		};
/* End PBXShellScriptBuildPhase section */

/* Begin PBXSourcesBuildPhase section */
		E009033B23DB7E7500E886E5 /* Sources */ = {
			isa = PBXSourcesBuildPhase;
			buildActionMask = 2147483647;
			files = (
				E009038F23DBA0F600E886E5 /* APIConnection.swift in Sources */,
				E009034323DB7E7500E886E5 /* AppDelegate.swift in Sources */,
				E009039823DBB08900E886E5 /* BaseCoordinator.swift in Sources */,
				E009038223DB9C4E00E886E5 /* HomeListCoordinator.swift in Sources */,
				E00903A223DCA79000E886E5 /* EXColor.swift in Sources */,
				E009037B23DB9C0E00E886E5 /* HomeListViewController.swift in Sources */,
				E00903B323DCD8D100E886E5 /* EXInt.swift in Sources */,
				E009038A23DBA09700E886E5 /* NetworkService.swift in Sources */,
				E009038023DB9C3000E886E5 /* Repository.swift in Sources */,
				E009039123DBA17400E886E5 /* ApiRequest.swift in Sources */,
				E009039523DBAD1B00E886E5 /* BaseViewModel.swift in Sources */,
				E009038823DB9F3200E886E5 /* AppCoordinator.swift in Sources */,
				E009039C23DC68B300E886E5 /* RepositoryCollectionViewCell.swift in Sources */,
				E009034523DB7E7500E886E5 /* SceneDelegate.swift in Sources */,
				E009038D23DBA0D200E886E5 /* NetworkiResourceResponse.swift in Sources */,
				E00903B123DCC52800E886E5 /* EXDate.swift in Sources */,
				E00903A023DCA75800E886E5 /* EXNavigationController.swift in Sources */,
				E009037E23DB9C2400E886E5 /* HomeListViewModel.swift in Sources */,
			);
			runOnlyForDeploymentPostprocessing = 0;
		};
		E009035123DB7E7800E886E5 /* Sources */ = {
			isa = PBXSourcesBuildPhase;
			buildActionMask = 2147483647;
			files = (
				E009035A23DB7E7800E886E5 /* modalTesteTests.swift in Sources */,
			);
			runOnlyForDeploymentPostprocessing = 0;
		};
		E009035C23DB7E7800E886E5 /* Sources */ = {
			isa = PBXSourcesBuildPhase;
			buildActionMask = 2147483647;
			files = (
				E009036523DB7E7800E886E5 /* modalTesteUITests.swift in Sources */,
			);
			runOnlyForDeploymentPostprocessing = 0;
		};
/* End PBXSourcesBuildPhase section */

/* Begin PBXTargetDependency section */
		E009035723DB7E7800E886E5 /* PBXTargetDependency */ = {
			isa = PBXTargetDependency;
			target = E009033E23DB7E7500E886E5 /* modalTeste */;
			targetProxy = E009035623DB7E7800E886E5 /* PBXContainerItemProxy */;
		};
		E009036223DB7E7800E886E5 /* PBXTargetDependency */ = {
			isa = PBXTargetDependency;
			target = E009033E23DB7E7500E886E5 /* modalTeste */;
			targetProxy = E009036123DB7E7800E886E5 /* PBXContainerItemProxy */;
		};
/* End PBXTargetDependency section */

/* Begin PBXVariantGroup section */
		E009034D23DB7E7700E886E5 /* LaunchScreen.storyboard */ = {
			isa = PBXVariantGroup;
			children = (
				E009034E23DB7E7700E886E5 /* Base */,
			);
			name = LaunchScreen.storyboard;
			sourceTree = "<group>";
		};
/* End PBXVariantGroup section */

/* Begin XCBuildConfiguration section */
		E009036723DB7E7800E886E5 /* Debug */ = {
			isa = XCBuildConfiguration;
			buildSettings = {
				ALWAYS_SEARCH_USER_PATHS = NO;
				CLANG_ANALYZER_NONNULL = YES;
				CLANG_ANALYZER_NUMBER_OBJECT_CONVERSION = YES_AGGRESSIVE;
				CLANG_CXX_LANGUAGE_STANDARD = "gnu++14";
				CLANG_CXX_LIBRARY = "libc++";
				CLANG_ENABLE_MODULES = YES;
				CLANG_ENABLE_OBJC_ARC = YES;
				CLANG_ENABLE_OBJC_WEAK = YES;
				CLANG_WARN_BLOCK_CAPTURE_AUTORELEASING = YES;
				CLANG_WARN_BOOL_CONVERSION = YES;
				CLANG_WARN_COMMA = YES;
				CLANG_WARN_CONSTANT_CONVERSION = YES;
				CLANG_WARN_DEPRECATED_OBJC_IMPLEMENTATIONS = YES;
				CLANG_WARN_DIRECT_OBJC_ISA_USAGE = YES_ERROR;
				CLANG_WARN_DOCUMENTATION_COMMENTS = YES;
				CLANG_WARN_EMPTY_BODY = YES;
				CLANG_WARN_ENUM_CONVERSION = YES;
				CLANG_WARN_INFINITE_RECURSION = YES;
				CLANG_WARN_INT_CONVERSION = YES;
				CLANG_WARN_NON_LITERAL_NULL_CONVERSION = YES;
				CLANG_WARN_OBJC_IMPLICIT_RETAIN_SELF = YES;
				CLANG_WARN_OBJC_LITERAL_CONVERSION = YES;
				CLANG_WARN_OBJC_ROOT_CLASS = YES_ERROR;
				CLANG_WARN_RANGE_LOOP_ANALYSIS = YES;
				CLANG_WARN_STRICT_PROTOTYPES = YES;
				CLANG_WARN_SUSPICIOUS_MOVE = YES;
				CLANG_WARN_UNGUARDED_AVAILABILITY = YES_AGGRESSIVE;
				CLANG_WARN_UNREACHABLE_CODE = YES;
				CLANG_WARN__DUPLICATE_METHOD_MATCH = YES;
				COPY_PHASE_STRIP = NO;
				DEBUG_INFORMATION_FORMAT = dwarf;
				ENABLE_STRICT_OBJC_MSGSEND = YES;
				ENABLE_TESTABILITY = YES;
				GCC_C_LANGUAGE_STANDARD = gnu11;
				GCC_DYNAMIC_NO_PIC = NO;
				GCC_NO_COMMON_BLOCKS = YES;
				GCC_OPTIMIZATION_LEVEL = 0;
				GCC_PREPROCESSOR_DEFINITIONS = (
					"DEBUG=1",
					"$(inherited)",
				);
				GCC_WARN_64_TO_32_BIT_CONVERSION = YES;
				GCC_WARN_ABOUT_RETURN_TYPE = YES_ERROR;
				GCC_WARN_UNDECLARED_SELECTOR = YES;
				GCC_WARN_UNINITIALIZED_AUTOS = YES_AGGRESSIVE;
				GCC_WARN_UNUSED_FUNCTION = YES;
				GCC_WARN_UNUSED_VARIABLE = YES;
				IPHONEOS_DEPLOYMENT_TARGET = 13.2;
				MTL_ENABLE_DEBUG_INFO = INCLUDE_SOURCE;
				MTL_FAST_MATH = YES;
				ONLY_ACTIVE_ARCH = YES;
				SDKROOT = iphoneos;
				SWIFT_ACTIVE_COMPILATION_CONDITIONS = DEBUG;
				SWIFT_OPTIMIZATION_LEVEL = "-Onone";
			};
			name = Debug;
		};
		E009036823DB7E7800E886E5 /* Release */ = {
			isa = XCBuildConfiguration;
			buildSettings = {
				ALWAYS_SEARCH_USER_PATHS = NO;
				CLANG_ANALYZER_NONNULL = YES;
				CLANG_ANALYZER_NUMBER_OBJECT_CONVERSION = YES_AGGRESSIVE;
				CLANG_CXX_LANGUAGE_STANDARD = "gnu++14";
				CLANG_CXX_LIBRARY = "libc++";
				CLANG_ENABLE_MODULES = YES;
				CLANG_ENABLE_OBJC_ARC = YES;
				CLANG_ENABLE_OBJC_WEAK = YES;
				CLANG_WARN_BLOCK_CAPTURE_AUTORELEASING = YES;
				CLANG_WARN_BOOL_CONVERSION = YES;
				CLANG_WARN_COMMA = YES;
				CLANG_WARN_CONSTANT_CONVERSION = YES;
				CLANG_WARN_DEPRECATED_OBJC_IMPLEMENTATIONS = YES;
				CLANG_WARN_DIRECT_OBJC_ISA_USAGE = YES_ERROR;
				CLANG_WARN_DOCUMENTATION_COMMENTS = YES;
				CLANG_WARN_EMPTY_BODY = YES;
				CLANG_WARN_ENUM_CONVERSION = YES;
				CLANG_WARN_INFINITE_RECURSION = YES;
				CLANG_WARN_INT_CONVERSION = YES;
				CLANG_WARN_NON_LITERAL_NULL_CONVERSION = YES;
				CLANG_WARN_OBJC_IMPLICIT_RETAIN_SELF = YES;
				CLANG_WARN_OBJC_LITERAL_CONVERSION = YES;
				CLANG_WARN_OBJC_ROOT_CLASS = YES_ERROR;
				CLANG_WARN_RANGE_LOOP_ANALYSIS = YES;
				CLANG_WARN_STRICT_PROTOTYPES = YES;
				CLANG_WARN_SUSPICIOUS_MOVE = YES;
				CLANG_WARN_UNGUARDED_AVAILABILITY = YES_AGGRESSIVE;
				CLANG_WARN_UNREACHABLE_CODE = YES;
				CLANG_WARN__DUPLICATE_METHOD_MATCH = YES;
				COPY_PHASE_STRIP = NO;
				DEBUG_INFORMATION_FORMAT = "dwarf-with-dsym";
				ENABLE_NS_ASSERTIONS = NO;
				ENABLE_STRICT_OBJC_MSGSEND = YES;
				GCC_C_LANGUAGE_STANDARD = gnu11;
				GCC_NO_COMMON_BLOCKS = YES;
				GCC_WARN_64_TO_32_BIT_CONVERSION = YES;
				GCC_WARN_ABOUT_RETURN_TYPE = YES_ERROR;
				GCC_WARN_UNDECLARED_SELECTOR = YES;
				GCC_WARN_UNINITIALIZED_AUTOS = YES_AGGRESSIVE;
				GCC_WARN_UNUSED_FUNCTION = YES;
				GCC_WARN_UNUSED_VARIABLE = YES;
				IPHONEOS_DEPLOYMENT_TARGET = 13.2;
				MTL_ENABLE_DEBUG_INFO = NO;
				MTL_FAST_MATH = YES;
				SDKROOT = iphoneos;
				SWIFT_COMPILATION_MODE = wholemodule;
				SWIFT_OPTIMIZATION_LEVEL = "-O";
				VALIDATE_PRODUCT = YES;
			};
			name = Release;
		};
		E009036A23DB7E7800E886E5 /* Debug */ = {
			isa = XCBuildConfiguration;
			baseConfigurationReference = 27DBC5A9F293147B959CA37C /* Pods-modalTeste.debug.xcconfig */;
			buildSettings = {
				ASSETCATALOG_COMPILER_APPICON_NAME = AppIcon;
				CODE_SIGN_STYLE = Automatic;
				DEVELOPMENT_TEAM = U86SF79N62;
				INFOPLIST_FILE = modalTeste/Info.plist;
				LD_RUNPATH_SEARCH_PATHS = (
					"$(inherited)",
					"@executable_path/Frameworks",
				);
				PRODUCT_BUNDLE_IDENTIFIER = WoodProject.modalTeste;
				PRODUCT_NAME = "$(TARGET_NAME)";
				SWIFT_VERSION = 5.0;
				TARGETED_DEVICE_FAMILY = 1;
			};
			name = Debug;
		};
		E009036B23DB7E7800E886E5 /* Release */ = {
			isa = XCBuildConfiguration;
			baseConfigurationReference = 4E1B0C875A4155BC32DE8C95 /* Pods-modalTeste.release.xcconfig */;
			buildSettings = {
				ASSETCATALOG_COMPILER_APPICON_NAME = AppIcon;
				CODE_SIGN_STYLE = Automatic;
				DEVELOPMENT_TEAM = U86SF79N62;
				INFOPLIST_FILE = modalTeste/Info.plist;
				LD_RUNPATH_SEARCH_PATHS = (
					"$(inherited)",
					"@executable_path/Frameworks",
				);
				PRODUCT_BUNDLE_IDENTIFIER = WoodProject.modalTeste;
				PRODUCT_NAME = "$(TARGET_NAME)";
				SWIFT_VERSION = 5.0;
				TARGETED_DEVICE_FAMILY = 1;
			};
			name = Release;
		};
		E009036D23DB7E7800E886E5 /* Debug */ = {
			isa = XCBuildConfiguration;
			baseConfigurationReference = AD44638B5FB84B1EDBA21DFB /* Pods-modalTesteTests.debug.xcconfig */;
			buildSettings = {
				ALWAYS_EMBED_SWIFT_STANDARD_LIBRARIES = YES;
				BUNDLE_LOADER = "$(TEST_HOST)";
				CODE_SIGN_STYLE = Automatic;
				DEVELOPMENT_TEAM = U86SF79N62;
				INFOPLIST_FILE = modalTesteTests/Info.plist;
				IPHONEOS_DEPLOYMENT_TARGET = 13.2;
				LD_RUNPATH_SEARCH_PATHS = (
					"$(inherited)",
					"@executable_path/Frameworks",
					"@loader_path/Frameworks",
				);
				PRODUCT_BUNDLE_IDENTIFIER = WoodProject.modalTesteTests;
				PRODUCT_NAME = "$(TARGET_NAME)";
				SWIFT_VERSION = 5.0;
				TARGETED_DEVICE_FAMILY = "1,2";
				TEST_HOST = "$(BUILT_PRODUCTS_DIR)/modalTeste.app/modalTeste";
			};
			name = Debug;
		};
		E009036E23DB7E7800E886E5 /* Release */ = {
			isa = XCBuildConfiguration;
			baseConfigurationReference = 2FA37B19AB90101A233F9CDC /* Pods-modalTesteTests.release.xcconfig */;
			buildSettings = {
				ALWAYS_EMBED_SWIFT_STANDARD_LIBRARIES = YES;
				BUNDLE_LOADER = "$(TEST_HOST)";
				CODE_SIGN_STYLE = Automatic;
				DEVELOPMENT_TEAM = U86SF79N62;
				INFOPLIST_FILE = modalTesteTests/Info.plist;
				IPHONEOS_DEPLOYMENT_TARGET = 13.2;
				LD_RUNPATH_SEARCH_PATHS = (
					"$(inherited)",
					"@executable_path/Frameworks",
					"@loader_path/Frameworks",
				);
				PRODUCT_BUNDLE_IDENTIFIER = WoodProject.modalTesteTests;
				PRODUCT_NAME = "$(TARGET_NAME)";
				SWIFT_VERSION = 5.0;
				TARGETED_DEVICE_FAMILY = "1,2";
				TEST_HOST = "$(BUILT_PRODUCTS_DIR)/modalTeste.app/modalTeste";
			};
			name = Release;
		};
		E009037023DB7E7800E886E5 /* Debug */ = {
			isa = XCBuildConfiguration;
			baseConfigurationReference = A0657631BD23CC6968886315 /* Pods-modalTeste-modalTesteUITests.debug.xcconfig */;
			buildSettings = {
				ALWAYS_EMBED_SWIFT_STANDARD_LIBRARIES = YES;
				CODE_SIGN_STYLE = Automatic;
				DEVELOPMENT_TEAM = U86SF79N62;
				INFOPLIST_FILE = modalTesteUITests/Info.plist;
				LD_RUNPATH_SEARCH_PATHS = (
					"$(inherited)",
					"@executable_path/Frameworks",
					"@loader_path/Frameworks",
				);
				PRODUCT_BUNDLE_IDENTIFIER = WoodProject.modalTesteUITests;
				PRODUCT_NAME = "$(TARGET_NAME)";
				SWIFT_VERSION = 5.0;
				TARGETED_DEVICE_FAMILY = "1,2";
				TEST_TARGET_NAME = modalTeste;
			};
			name = Debug;
		};
		E009037123DB7E7800E886E5 /* Release */ = {
			isa = XCBuildConfiguration;
			baseConfigurationReference = 13490723677CC1A680B211DD /* Pods-modalTeste-modalTesteUITests.release.xcconfig */;
			buildSettings = {
				ALWAYS_EMBED_SWIFT_STANDARD_LIBRARIES = YES;
				CODE_SIGN_STYLE = Automatic;
				DEVELOPMENT_TEAM = U86SF79N62;
				INFOPLIST_FILE = modalTesteUITests/Info.plist;
				LD_RUNPATH_SEARCH_PATHS = (
					"$(inherited)",
					"@executable_path/Frameworks",
					"@loader_path/Frameworks",
				);
				PRODUCT_BUNDLE_IDENTIFIER = WoodProject.modalTesteUITests;
				PRODUCT_NAME = "$(TARGET_NAME)";
				SWIFT_VERSION = 5.0;
				TARGETED_DEVICE_FAMILY = "1,2";
				TEST_TARGET_NAME = modalTeste;
			};
			name = Release;
		};
/* End XCBuildConfiguration section */

/* Begin XCConfigurationList section */
		E009033A23DB7E7500E886E5 /* Build configuration list for PBXProject "modalTeste" */ = {
			isa = XCConfigurationList;
			buildConfigurations = (
				E009036723DB7E7800E886E5 /* Debug */,
				E009036823DB7E7800E886E5 /* Release */,
			);
			defaultConfigurationIsVisible = 0;
			defaultConfigurationName = Release;
		};
		E009036923DB7E7800E886E5 /* Build configuration list for PBXNativeTarget "modalTeste" */ = {
			isa = XCConfigurationList;
			buildConfigurations = (
				E009036A23DB7E7800E886E5 /* Debug */,
				E009036B23DB7E7800E886E5 /* Release */,
			);
			defaultConfigurationIsVisible = 0;
			defaultConfigurationName = Release;
		};
		E009036C23DB7E7800E886E5 /* Build configuration list for PBXNativeTarget "modalTesteTests" */ = {
			isa = XCConfigurationList;
			buildConfigurations = (
				E009036D23DB7E7800E886E5 /* Debug */,
				E009036E23DB7E7800E886E5 /* Release */,
			);
			defaultConfigurationIsVisible = 0;
			defaultConfigurationName = Release;
		};
		E009036F23DB7E7800E886E5 /* Build configuration list for PBXNativeTarget "modalTesteUITests" */ = {
			isa = XCConfigurationList;
			buildConfigurations = (
				E009037023DB7E7800E886E5 /* Debug */,
				E009037123DB7E7800E886E5 /* Release */,
			);
			defaultConfigurationIsVisible = 0;
			defaultConfigurationName = Release;
		};
/* End XCConfigurationList section */
	};
	rootObject = E009033723DB7E7500E886E5 /* Project object */;
}
